
Microsoft Visual Studio Solution File, Format Version 12.00
# Visual Studio 2013
VisualStudioVersion = 12.0.40629.0
MinimumVisualStudioVersion = 10.0.40219.1
Project("{8BC9CEB8-8B4A-11D0-8D11-00A0C91BC942}") = "IconConvTool", "IconConvTool\IconConvTool.vcxproj", "{E34C9BB1-4DD3-4068-9581-9F9F1B78A864}"
EndProject
Project("{8BC9CEB8-8B4A-11D0-8D11-00A0C91BC942}") = "WebkitsBrowser", "WebkitsBrowser\WebkitsBrowser.vcxproj", "{22F0284E-A6BE-4496-A859-E1FFEB587B36}"
EndProject
Project("{8BC9CEB8-8B4A-11D0-8D11-00A0C91BC942}") = "WebGames", "WebGames\WebGames.vcxproj", "{A643DB4B-C577-48B9-9387-58859E682714}"
EndProject
Global
	GlobalSection(SolutionConfigurationPlatforms) = preSolution
		Debug|Win32 = Debug|Win32
		Release|Win32 = Release|Win32
	EndGlobalSection
	GlobalSection(ProjectConfigurationPlatforms) = postSolution
		{E34C9BB1-4DD3-4068-9581-9F9F1B78A864}.Debug|Win32.ActiveCfg = Debug|Win32
		{E34C9BB1-4DD3-4068-9581-9F9F1B78A864}.Debug|Win32.Build.0 = Debug|Win32
		{E34C9BB1-4DD3-4068-9581-9F9F1B78A864}.Debug|Win32.Deploy.0 = Debug|Win32
		{E34C9BB1-4DD3-4068-9581-9F9F1B78A864}.Release|Win32.ActiveCfg = Release|Win32
		{E34C9BB1-4DD3-4068-9581-9F9F1B78A864}.Release|Win32.Build.0 = Release|Win32
		{E34C9BB1-4DD3-4068-9581-9F9F1B78A864}.Release|Win32.Deploy.0 = Release|Win32
		{22F0284E-A6BE-4496-A859-E1FFEB587B36}.Debug|Win32.ActiveCfg = Debug|Win32
		{22F0284E-A6BE-4496-A859-E1FFEB587B36}.Debug|Win32.Build.0 = Debug|Win32
		{22F0284E-A6BE-4496-A859-E1FFEB587B36}.Release|Win32.ActiveCfg = Release|Win32
		{22F0284E-A6BE-4496-A859-E1FFEB587B36}.Release|Win32.Build.0 = Release|Win32
		{A643DB4B-C577-48B9-9387-58859E682714}.Debug|Win32.ActiveCfg = Debug|Win32
		{A643DB4B-C577-48B9-9387-58859E682714}.Debug|Win32.Build.0 = Debug|Win32
		{A643DB4B-C577-48B9-9387-58859E682714}.Release|Win32.ActiveCfg = Release|Win32
		{A643DB4B-C577-48B9-9387-58859E682714}.Release|Win32.Build.0 = Release|Win32
	EndGlobalSection
	GlobalSection(SolutionProperties) = preSolution
		HideSolutionNode = FALSE
	EndGlobalSection
EndGlobal
